
Microsoft Visual Studio Solution File, Format Version 12.00
# Visual Studio 15
VisualStudioVersion = 15.0.28010.2050
MinimumVisualStudioVersion = 10.0.40219.1
Project("{FAE04EC0-301F-11D3-BF4B-00C04F79EFBC}") = "IdentityServerSample", "IdentityServerSample.csproj", "{FD2354F9-DB30-4580-BCD3-A1068E6D3FCF}"
EndProject
Project("{FAE04EC0-301F-11D3-BF4B-00C04F79EFBC}") = "ConsoleClient", "..\ConsoleClient\ConsoleClient.csproj", "{34CAB163-AE5D-45D5-A842-C5265EF83A07}"
EndProject
Global
	GlobalSection(SolutionConfigurationPlatforms) = preSolution
		Debug|Any CPU = Debug|Any CPU
		Release|Any CPU = Release|Any CPU
	EndGlobalSection
	GlobalSection(ProjectConfigurationPlatforms) = postSolution
		{FD2354F9-DB30-4580-BCD3-A1068E6D3FCF}.Debug|Any CPU.ActiveCfg = Debug|Any CPU
		{FD2354F9-DB30-4580-BCD3-A1068E6D3FCF}.Debug|Any CPU.Build.0 = Debug|Any CPU
		{FD2354F9-DB30-4580-BCD3-A1068E6D3FCF}.Release|Any CPU.ActiveCfg = Release|Any CPU
		{FD2354F9-DB30-4580-BCD3-A1068E6D3FCF}.Release|Any CPU.Build.0 = Release|Any CPU
		{34CAB163-AE5D-45D5-A842-C5265EF83A07}.Debug|Any CPU.ActiveCfg = Debug|Any CPU
		{34CAB163-AE5D-45D5-A842-C5265EF83A07}.Debug|Any CPU.Build.0 = Debug|Any CPU
		{34CAB163-AE5D-45D5-A842-C5265EF83A07}.Release|Any CPU.ActiveCfg = Release|Any CPU
		{34CAB163-AE5D-45D5-A842-C5265EF83A07}.Release|Any CPU.Build.0 = Release|Any CPU
	EndGlobalSection
	GlobalSection(SolutionProperties) = preSolution
		HideSolutionNode = FALSE
	EndGlobalSection
	GlobalSection(ExtensibilityGlobals) = postSolution
		SolutionGuid = {DDF44197-F1B6-49D5-8111-7AD74D273606}
	EndGlobalSection
EndGlobal
