
Microsoft Visual Studio Solution File, Format Version 12.00
# Visual Studio 15
VisualStudioVersion = 15.0.27428.2037
MinimumVisualStudioVersion = 10.0.40219.1
Project("{FAE04EC0-301F-11D3-BF4B-00C04F79EFBC}") = "ExceptionAndLogSapmle", "ExceptionAndLogSapmle\ExceptionAndLogSapmle.csproj", "{E3501703-19F4-4129-A4B5-6C75F46EC93B}"
EndProject
Global
	GlobalSection(SolutionConfigurationPlatforms) = preSolution
		Debug|Any CPU = Debug|Any CPU
		Release|Any CPU = Release|Any CPU
	EndGlobalSection
	GlobalSection(ProjectConfigurationPlatforms) = postSolution
		{E3501703-19F4-4129-A4B5-6C75F46EC93B}.Debug|Any CPU.ActiveCfg = Debug|Any CPU
		{E3501703-19F4-4129-A4B5-6C75F46EC93B}.Debug|Any CPU.Build.0 = Debug|Any CPU
		{E3501703-19F4-4129-A4B5-6C75F46EC93B}.Release|Any CPU.ActiveCfg = Release|Any CPU
		{E3501703-19F4-4129-A4B5-6C75F46EC93B}.Release|Any CPU.Build.0 = Release|Any CPU
	EndGlobalSection
	GlobalSection(SolutionProperties) = preSolution
		HideSolutionNode = FALSE
	EndGlobalSection
	GlobalSection(ExtensibilityGlobals) = postSolution
		SolutionGuid = {0E6FE130-D24C-4EDF-AC56-4A4C83F47424}
	EndGlobalSection
EndGlobal
