
Microsoft Visual Studio Solution File, Format Version 12.00
# Visual Studio 15
VisualStudioVersion = 15.0.27428.2037
MinimumVisualStudioVersion = 10.0.40219.1
Project("{FAE04EC0-301F-11D3-BF4B-00C04F79EFBC}") = "ItemTemplateSample", "ItemTemplateSample\ItemTemplateSample.csproj", "{E2794484-81F9-47AB-A5F9-7F56A8AD3136}"
EndProject
Project("{FAE04EC0-301F-11D3-BF4B-00C04F79EFBC}") = "ProjectTemplateSample", "ProjectTemplateSample\ProjectTemplateSample.csproj", "{5172DC20-20FA-4072-B75A-3BB05048D0BA}"
EndProject
Project("{FAE04EC0-301F-11D3-BF4B-00C04F79EFBC}") = "VSIXProjectSample", "VSIXProjectSample\VSIXProjectSample.csproj", "{B002EE32-3A6E-4424-976F-4EBF825940F4}"
EndProject
Project("{FAE04EC0-301F-11D3-BF4B-00C04F79EFBC}") = "TopMenuLevel", "TopMenuLevel\TopMenuLevel.csproj", "{9B842C38-6241-4BFC-9320-E4E623162C6D}"
EndProject
Project("{FAE04EC0-301F-11D3-BF4B-00C04F79EFBC}") = "IDEToolBar", "IDEToolBar\IDEToolBar.csproj", "{9D82B1FD-53BC-417E-BE4F-22BFF152F6D1}"
EndProject
Project("{FAE04EC0-301F-11D3-BF4B-00C04F79EFBC}") = "SolutionToolbar", "SolutionToolbar\SolutionToolbar.csproj", "{F2B07799-88C4-4876-88FB-AAAC9F36D357}"
EndProject
Project("{FAE04EC0-301F-11D3-BF4B-00C04F79EFBC}") = "FirstWindow", "FirstWindow\FirstWindow.csproj", "{80E1DD5C-5FBF-4A40-8581-33FFFEE1C853}"
EndProject
Project("{FAE04EC0-301F-11D3-BF4B-00C04F79EFBC}") = "MarginExtension", "MarginExtension\MarginExtension.csproj", "{2A659417-19E5-411F-A813-3EC7226B1D81}"
EndProject
Project("{FAE04EC0-301F-11D3-BF4B-00C04F79EFBC}") = "TestAdornment", "TestAdornment\TestAdornment.csproj", "{AA71C572-457D-44C2-ADD4-A8D9C387889C}"
EndProject
Project("{FAE04EC0-301F-11D3-BF4B-00C04F79EFBC}") = "TestEditorClassFiler", "TestEditorClassFiler\TestEditorClassFiler.csproj", "{A854D985-290C-4DC6-B06A-EFBC1F366EEA}"
EndProject
Project("{FAE04EC0-301F-11D3-BF4B-00C04F79EFBC}") = "SumVsix", "SumVsix\SumVsix.csproj", "{4790EF2A-E810-484F-A50A-27A286146C80}"
EndProject
Global
	GlobalSection(SolutionConfigurationPlatforms) = preSolution
		Debug|Any CPU = Debug|Any CPU
		Release|Any CPU = Release|Any CPU
	EndGlobalSection
	GlobalSection(ProjectConfigurationPlatforms) = postSolution
		{E2794484-81F9-47AB-A5F9-7F56A8AD3136}.Debug|Any CPU.ActiveCfg = Debug|Any CPU
		{E2794484-81F9-47AB-A5F9-7F56A8AD3136}.Debug|Any CPU.Build.0 = Debug|Any CPU
		{E2794484-81F9-47AB-A5F9-7F56A8AD3136}.Release|Any CPU.ActiveCfg = Release|Any CPU
		{E2794484-81F9-47AB-A5F9-7F56A8AD3136}.Release|Any CPU.Build.0 = Release|Any CPU
		{5172DC20-20FA-4072-B75A-3BB05048D0BA}.Debug|Any CPU.ActiveCfg = Debug|Any CPU
		{5172DC20-20FA-4072-B75A-3BB05048D0BA}.Debug|Any CPU.Build.0 = Debug|Any CPU
		{5172DC20-20FA-4072-B75A-3BB05048D0BA}.Release|Any CPU.ActiveCfg = Release|Any CPU
		{5172DC20-20FA-4072-B75A-3BB05048D0BA}.Release|Any CPU.Build.0 = Release|Any CPU
		{B002EE32-3A6E-4424-976F-4EBF825940F4}.Debug|Any CPU.ActiveCfg = Debug|Any CPU
		{B002EE32-3A6E-4424-976F-4EBF825940F4}.Debug|Any CPU.Build.0 = Debug|Any CPU
		{B002EE32-3A6E-4424-976F-4EBF825940F4}.Release|Any CPU.ActiveCfg = Release|Any CPU
		{B002EE32-3A6E-4424-976F-4EBF825940F4}.Release|Any CPU.Build.0 = Release|Any CPU
		{9B842C38-6241-4BFC-9320-E4E623162C6D}.Debug|Any CPU.ActiveCfg = Debug|Any CPU
		{9B842C38-6241-4BFC-9320-E4E623162C6D}.Debug|Any CPU.Build.0 = Debug|Any CPU
		{9B842C38-6241-4BFC-9320-E4E623162C6D}.Release|Any CPU.ActiveCfg = Release|Any CPU
		{9B842C38-6241-4BFC-9320-E4E623162C6D}.Release|Any CPU.Build.0 = Release|Any CPU
		{9D82B1FD-53BC-417E-BE4F-22BFF152F6D1}.Debug|Any CPU.ActiveCfg = Debug|Any CPU
		{9D82B1FD-53BC-417E-BE4F-22BFF152F6D1}.Debug|Any CPU.Build.0 = Debug|Any CPU
		{9D82B1FD-53BC-417E-BE4F-22BFF152F6D1}.Release|Any CPU.ActiveCfg = Release|Any CPU
		{9D82B1FD-53BC-417E-BE4F-22BFF152F6D1}.Release|Any CPU.Build.0 = Release|Any CPU
		{F2B07799-88C4-4876-88FB-AAAC9F36D357}.Debug|Any CPU.ActiveCfg = Debug|Any CPU
		{F2B07799-88C4-4876-88FB-AAAC9F36D357}.Debug|Any CPU.Build.0 = Debug|Any CPU
		{F2B07799-88C4-4876-88FB-AAAC9F36D357}.Release|Any CPU.ActiveCfg = Release|Any CPU
		{F2B07799-88C4-4876-88FB-AAAC9F36D357}.Release|Any CPU.Build.0 = Release|Any CPU
		{80E1DD5C-5FBF-4A40-8581-33FFFEE1C853}.Debug|Any CPU.ActiveCfg = Debug|Any CPU
		{80E1DD5C-5FBF-4A40-8581-33FFFEE1C853}.Debug|Any CPU.Build.0 = Debug|Any CPU
		{80E1DD5C-5FBF-4A40-8581-33FFFEE1C853}.Release|Any CPU.ActiveCfg = Release|Any CPU
		{80E1DD5C-5FBF-4A40-8581-33FFFEE1C853}.Release|Any CPU.Build.0 = Release|Any CPU
		{2A659417-19E5-411F-A813-3EC7226B1D81}.Debug|Any CPU.ActiveCfg = Debug|Any CPU
		{2A659417-19E5-411F-A813-3EC7226B1D81}.Debug|Any CPU.Build.0 = Debug|Any CPU
		{2A659417-19E5-411F-A813-3EC7226B1D81}.Release|Any CPU.ActiveCfg = Release|Any CPU
		{2A659417-19E5-411F-A813-3EC7226B1D81}.Release|Any CPU.Build.0 = Release|Any CPU
		{AA71C572-457D-44C2-ADD4-A8D9C387889C}.Debug|Any CPU.ActiveCfg = Debug|Any CPU
		{AA71C572-457D-44C2-ADD4-A8D9C387889C}.Debug|Any CPU.Build.0 = Debug|Any CPU
		{AA71C572-457D-44C2-ADD4-A8D9C387889C}.Release|Any CPU.ActiveCfg = Release|Any CPU
		{AA71C572-457D-44C2-ADD4-A8D9C387889C}.Release|Any CPU.Build.0 = Release|Any CPU
		{A854D985-290C-4DC6-B06A-EFBC1F366EEA}.Debug|Any CPU.ActiveCfg = Debug|Any CPU
		{A854D985-290C-4DC6-B06A-EFBC1F366EEA}.Debug|Any CPU.Build.0 = Debug|Any CPU
		{A854D985-290C-4DC6-B06A-EFBC1F366EEA}.Release|Any CPU.ActiveCfg = Release|Any CPU
		{A854D985-290C-4DC6-B06A-EFBC1F366EEA}.Release|Any CPU.Build.0 = Release|Any CPU
		{4790EF2A-E810-484F-A50A-27A286146C80}.Debug|Any CPU.ActiveCfg = Debug|Any CPU
		{4790EF2A-E810-484F-A50A-27A286146C80}.Debug|Any CPU.Build.0 = Debug|Any CPU
		{4790EF2A-E810-484F-A50A-27A286146C80}.Release|Any CPU.ActiveCfg = Release|Any CPU
		{4790EF2A-E810-484F-A50A-27A286146C80}.Release|Any CPU.Build.0 = Release|Any CPU
	EndGlobalSection
	GlobalSection(SolutionProperties) = preSolution
		HideSolutionNode = FALSE
	EndGlobalSection
	GlobalSection(ExtensibilityGlobals) = postSolution
		SolutionGuid = {7D049206-6FD4-42CA-AD15-CDF5D3B6EEA0}
	EndGlobalSection
EndGlobal
