
Microsoft Visual Studio Solution File, Format Version 12.00
# Visual Studio 15
VisualStudioVersion = 15.0.28010.2050
MinimumVisualStudioVersion = 10.0.40219.1
Project("{FAE04EC0-301F-11D3-BF4B-00C04F79EFBC}") = "MiniProfilerSample", "MiniProfilerSample\MiniProfilerSample.csproj", "{735FAA1F-7FF9-4DE4-A32B-2870A2CC09F8}"
EndProject
Global
	GlobalSection(SolutionConfigurationPlatforms) = preSolution
		Debug|Any CPU = Debug|Any CPU
		Release|Any CPU = Release|Any CPU
	EndGlobalSection
	GlobalSection(ProjectConfigurationPlatforms) = postSolution
		{735FAA1F-7FF9-4DE4-A32B-2870A2CC09F8}.Debug|Any CPU.ActiveCfg = Debug|Any CPU
		{735FAA1F-7FF9-4DE4-A32B-2870A2CC09F8}.Debug|Any CPU.Build.0 = Debug|Any CPU
		{735FAA1F-7FF9-4DE4-A32B-2870A2CC09F8}.Release|Any CPU.ActiveCfg = Release|Any CPU
		{735FAA1F-7FF9-4DE4-A32B-2870A2CC09F8}.Release|Any CPU.Build.0 = Release|Any CPU
	EndGlobalSection
	GlobalSection(SolutionProperties) = preSolution
		HideSolutionNode = FALSE
	EndGlobalSection
	GlobalSection(ExtensibilityGlobals) = postSolution
		SolutionGuid = {CC9944BD-94B2-412D-89DC-94E9A0CFB671}
	EndGlobalSection
EndGlobal
