
Microsoft Visual Studio Solution File, Format Version 12.00
# Visual Studio 15
VisualStudioVersion = 15.0.28010.2050
MinimumVisualStudioVersion = 10.0.40219.1
Project("{FAE04EC0-301F-11D3-BF4B-00C04F79EFBC}") = "UserManager", "UserManager\UserManager.csproj", "{B696B92B-150D-403E-BED6-4FDE4F57401D}"
EndProject
Global
	GlobalSection(SolutionConfigurationPlatforms) = preSolution
		Debug|Any CPU = Debug|Any CPU
		Release|Any CPU = Release|Any CPU
	EndGlobalSection
	GlobalSection(ProjectConfigurationPlatforms) = postSolution
		{B696B92B-150D-403E-BED6-4FDE4F57401D}.Debug|Any CPU.ActiveCfg = Debug|Any CPU
		{B696B92B-150D-403E-BED6-4FDE4F57401D}.Debug|Any CPU.Build.0 = Debug|Any CPU
		{B696B92B-150D-403E-BED6-4FDE4F57401D}.Release|Any CPU.ActiveCfg = Release|Any CPU
		{B696B92B-150D-403E-BED6-4FDE4F57401D}.Release|Any CPU.Build.0 = Release|Any CPU
	EndGlobalSection
	GlobalSection(SolutionProperties) = preSolution
		HideSolutionNode = FALSE
	EndGlobalSection
	GlobalSection(ExtensibilityGlobals) = postSolution
		SolutionGuid = {3B25FD17-EAEB-4E2F-BD66-83BD9F2B1AAF}
	EndGlobalSection
EndGlobal
